// !$*UTF8*$!
{
	archiveVersion = 1;
	classes = {
	};
	objectVersion = 77;
	objects = {

/* Begin PBXBuildFile section */
		2724F0BC2DD10187008CD7DE /* Assets.xcassets in Resources */ = {isa = PBXBuildFile; fileRef = 2724F0B32DD10187008CD7DE /* Assets.xcassets */; };
		2724F0BE2DD10187008CD7DE /* LaunchScreen.storyboard in Resources */ = {isa = PBXBuildFile; fileRef = 2724F0B62DD10187008CD7DE /* LaunchScreen.storyboard */; };
		2724F0C02DD10187008CD7DE /* AppDelegate.swift in Sources */ = {isa = PBXBuildFile; fileRef = 2724F0B22DD10187008CD7DE /* AppDelegate.swift */; };
		2724F0CC2DD10387008CD7DE /* SplashViewController.storyboard in Resources */ = {isa = PBXBuildFile; fileRef = 2724F0C82DD10387008CD7DE /* SplashViewController.storyboard */; };
		2724F0CD2DD10387008CD7DE /* SplashViewModelContract.swift in Sources */ = {isa = PBXBuildFile; fileRef = 2724F0C52DD10387008CD7DE /* SplashViewModelContract.swift */; };
		2724F0CE2DD10387008CD7DE /* SplashScreenViewModel.swift in Sources */ = {isa = PBXBuildFile; fileRef = 2724F0C42DD10387008CD7DE /* SplashScreenViewModel.swift */; };
		2724F0CF2DD10387008CD7DE /* SplashViewController.swift in Sources */ = {isa = PBXBuildFile; fileRef = 2724F0C72DD10387008CD7DE /* SplashViewController.swift */; };
		2724F0F22DD1042F008CD7DE /* Localizable.strings in Resources */ = {isa = PBXBuildFile; fileRef = 2724F0E62DD1042F008CD7DE /* Localizable.strings */; };
		2724F0F32DD1042F008CD7DE /* PaginationContract.swift in Sources */ = {isa = PBXBuildFile; fileRef = 2724F0D62DD1042F008CD7DE /* PaginationContract.swift */; };
		2724F0F42DD1042F008CD7DE /* ViewController+Extension.swift in Sources */ = {isa = PBXBuildFile; fileRef = 2724F0EB2DD1042F008CD7DE /* ViewController+Extension.swift */; };
		2724F0F52DD1042F008CD7DE /* UIView+Extension.swift in Sources */ = {isa = PBXBuildFile; fileRef = 2724F0EC2DD1042F008CD7DE /* UIView+Extension.swift */; };
		2724F0F62DD1042F008CD7DE /* BaseViewController.swift in Sources */ = {isa = PBXBuildFile; fileRef = 2724F0DA2DD1042F008CD7DE /* BaseViewController.swift */; };
		2724F0F72DD1042F008CD7DE /* Bundle+Extension.swift in Sources */ = {isa = PBXBuildFile; fileRef = 2724F0EA2DD1042F008CD7DE /* Bundle+Extension.swift */; };
		2724F0F82DD1042F008CD7DE /* CoordinatorProtocol.swift in Sources */ = {isa = PBXBuildFile; fileRef = 2724F0D32DD1042F008CD7DE /* CoordinatorProtocol.swift */; };
		2724F0F92DD1042F008CD7DE /* BaseViewModelContract.swift in Sources */ = {isa = PBXBuildFile; fileRef = 2724F0D52DD1042F008CD7DE /* BaseViewModelContract.swift */; };
		2724F0FA2DD1042F008CD7DE /* BaseAPI.swift in Sources */ = {isa = PBXBuildFile; fileRef = 2724F0DE2DD1042F008CD7DE /* BaseAPI.swift */; };
		2724F0FB2DD1042F008CD7DE /* String+Extension.swift in Sources */ = {isa = PBXBuildFile; fileRef = 2724F0EE2DD1042F008CD7DE /* String+Extension.swift */; };
		2724F0FC2DD1042F008CD7DE /* ApplicationNetworking.swift in Sources */ = {isa = PBXBuildFile; fileRef = 2724F0DF2DD1042F008CD7DE /* ApplicationNetworking.swift */; };
		2724F0FD2DD1042F008CD7DE /* Localize.swift in Sources */ = {isa = PBXBuildFile; fileRef = 2724F0E72DD1042F008CD7DE /* Localize.swift */; };
		2724F0FE2DD1042F008CD7DE /* CellViewProtocol.swift in Sources */ = {isa = PBXBuildFile; fileRef = 2724F0D82DD1042F008CD7DE /* CellViewProtocol.swift */; };
		2724F0FF2DD1042F008CD7DE /* AppCoordinator.swift in Sources */ = {isa = PBXBuildFile; fileRef = 2724F0D22DD1042F008CD7DE /* AppCoordinator.swift */; };
		2724F1002DD1042F008CD7DE /* Utils.swift in Sources */ = {isa = PBXBuildFile; fileRef = 2724F0F02DD1042F008CD7DE /* Utils.swift */; };
		2724F1012DD1042F008CD7DE /* TargetType.swift in Sources */ = {isa = PBXBuildFile; fileRef = 2724F0DD2DD1042F008CD7DE /* TargetType.swift */; };
		2724F1022DD1042F008CD7DE /* Enums.swift in Sources */ = {isa = PBXBuildFile; fileRef = 2724F0E32DD1042F008CD7DE /* Enums.swift */; };
		2724F1032DD1042F008CD7DE /* Constants.swift in Sources */ = {isa = PBXBuildFile; fileRef = 2724F0E22DD1042F008CD7DE /* Constants.swift */; };
		2724F1042DD1042F008CD7DE /* UIImage+Extension.swift in Sources */ = {isa = PBXBuildFile; fileRef = 2724F0ED2DD1042F008CD7DE /* UIImage+Extension.swift */; };
		2724F1052DD1042F008CD7DE /* BaseCellViewModelProtocol.swift in Sources */ = {isa = PBXBuildFile; fileRef = 2724F0D72DD1042F008CD7DE /* BaseCellViewModelProtocol.swift */; };
		2724F1062DD1042F008CD7DE /* Injector.swift in Sources */ = {isa = PBXBuildFile; fileRef = 2724F0DC2DD1042F008CD7DE /* Injector.swift */; };
		2724F1072DD1042F008CD7DE /* LocalUserDefault.swift in Sources */ = {isa = PBXBuildFile; fileRef = 2724F0D02DD1042F008CD7DE /* LocalUserDefault.swift */; };
		7507D3D5D79B597066D1242E /* Pods_Cinematy.framework in Frameworks */ = {isa = PBXBuildFile; fileRef = 6B2E313914D4610E3FE3AFE9 /* Pods_Cinematy.framework */; };
/* End PBXBuildFile section */

/* Begin PBXFileReference section */
		2724F09A2DD10172008CD7DE /* Cinematy.app */ = {isa = PBXFileReference; explicitFileType = wrapper.application; includeInIndex = 0; path = Cinematy.app; sourceTree = BUILT_PRODUCTS_DIR; };
		2724F0B22DD10187008CD7DE /* AppDelegate.swift */ = {isa = PBXFileReference; lastKnownFileType = sourcecode.swift; path = AppDelegate.swift; sourceTree = "<group>"; };
		2724F0B32DD10187008CD7DE /* Assets.xcassets */ = {isa = PBXFileReference; lastKnownFileType = folder.assetcatalog; path = Assets.xcassets; sourceTree = "<group>"; };
		2724F0B42DD10187008CD7DE /* Info.plist */ = {isa = PBXFileReference; lastKnownFileType = text.plist.xml; path = Info.plist; sourceTree = "<group>"; };
		2724F0B52DD10187008CD7DE /* Base */ = {isa = PBXFileReference; lastKnownFileType = file.storyboard; name = Base; path = Base.lproj/LaunchScreen.storyboard; sourceTree = "<group>"; };
		2724F0C42DD10387008CD7DE /* SplashScreenViewModel.swift */ = {isa = PBXFileReference; lastKnownFileType = sourcecode.swift; path = SplashScreenViewModel.swift; sourceTree = "<group>"; };
		2724F0C52DD10387008CD7DE /* SplashViewModelContract.swift */ = {isa = PBXFileReference; lastKnownFileType = sourcecode.swift; path = SplashViewModelContract.swift; sourceTree = "<group>"; };
		2724F0C72DD10387008CD7DE /* SplashViewController.swift */ = {isa = PBXFileReference; lastKnownFileType = sourcecode.swift; path = SplashViewController.swift; sourceTree = "<group>"; };
		2724F0C82DD10387008CD7DE /* SplashViewController.storyboard */ = {isa = PBXFileReference; lastKnownFileType = file.storyboard; path = SplashViewController.storyboard; sourceTree = "<group>"; };
		2724F0D02DD1042F008CD7DE /* LocalUserDefault.swift */ = {isa = PBXFileReference; lastKnownFileType = sourcecode.swift; path = LocalUserDefault.swift; sourceTree = "<group>"; };
		2724F0D22DD1042F008CD7DE /* AppCoordinator.swift */ = {isa = PBXFileReference; lastKnownFileType = sourcecode.swift; path = AppCoordinator.swift; sourceTree = "<group>"; };
		2724F0D32DD1042F008CD7DE /* CoordinatorProtocol.swift */ = {isa = PBXFileReference; lastKnownFileType = sourcecode.swift; path = CoordinatorProtocol.swift; sourceTree = "<group>"; };
		2724F0D52DD1042F008CD7DE /* BaseViewModelContract.swift */ = {isa = PBXFileReference; lastKnownFileType = sourcecode.swift; path = BaseViewModelContract.swift; sourceTree = "<group>"; };
		2724F0D62DD1042F008CD7DE /* PaginationContract.swift */ = {isa = PBXFileReference; lastKnownFileType = sourcecode.swift; path = PaginationContract.swift; sourceTree = "<group>"; };
		2724F0D72DD1042F008CD7DE /* BaseCellViewModelProtocol.swift */ = {isa = PBXFileReference; lastKnownFileType = sourcecode.swift; path = BaseCellViewModelProtocol.swift; sourceTree = "<group>"; };
		2724F0D82DD1042F008CD7DE /* CellViewProtocol.swift */ = {isa = PBXFileReference; lastKnownFileType = sourcecode.swift; path = CellViewProtocol.swift; sourceTree = "<group>"; };
		2724F0DA2DD1042F008CD7DE /* BaseViewController.swift */ = {isa = PBXFileReference; lastKnownFileType = sourcecode.swift; path = BaseViewController.swift; sourceTree = "<group>"; };
		2724F0DC2DD1042F008CD7DE /* Injector.swift */ = {isa = PBXFileReference; lastKnownFileType = sourcecode.swift; path = Injector.swift; sourceTree = "<group>"; };
		2724F0DD2DD1042F008CD7DE /* TargetType.swift */ = {isa = PBXFileReference; lastKnownFileType = sourcecode.swift; path = TargetType.swift; sourceTree = "<group>"; };
		2724F0DE2DD1042F008CD7DE /* BaseAPI.swift */ = {isa = PBXFileReference; lastKnownFileType = sourcecode.swift; path = BaseAPI.swift; sourceTree = "<group>"; };
		2724F0DF2DD1042F008CD7DE /* ApplicationNetworking.swift */ = {isa = PBXFileReference; lastKnownFileType = sourcecode.swift; path = ApplicationNetworking.swift; sourceTree = "<group>"; };
		2724F0E22DD1042F008CD7DE /* Constants.swift */ = {isa = PBXFileReference; lastKnownFileType = sourcecode.swift; path = Constants.swift; sourceTree = "<group>"; };
		2724F0E32DD1042F008CD7DE /* Enums.swift */ = {isa = PBXFileReference; lastKnownFileType = sourcecode.swift; path = Enums.swift; sourceTree = "<group>"; };
		2724F0E42DD1042F008CD7DE /* Localizable.strings */ = {isa = PBXFileReference; lastKnownFileType = text.plist.strings; name = Localizable.strings; path = ar.lproj/Localizable.strings; sourceTree = "<group>"; };
		2724F0E52DD1042F008CD7DE /* Localizable.strings */ = {isa = PBXFileReference; lastKnownFileType = text.plist.strings; name = Localizable.strings; path = en.lproj/Localizable.strings; sourceTree = "<group>"; };
		2724F0E72DD1042F008CD7DE /* Localize.swift */ = {isa = PBXFileReference; lastKnownFileType = sourcecode.swift; path = Localize.swift; sourceTree = "<group>"; };
		2724F0EA2DD1042F008CD7DE /* Bundle+Extension.swift */ = {isa = PBXFileReference; lastKnownFileType = sourcecode.swift; path = "Bundle+Extension.swift"; sourceTree = "<group>"; };
		2724F0EB2DD1042F008CD7DE /* ViewController+Extension.swift */ = {isa = PBXFileReference; lastKnownFileType = sourcecode.swift; path = "ViewController+Extension.swift"; sourceTree = "<group>"; };
		2724F0EC2DD1042F008CD7DE /* UIView+Extension.swift */ = {isa = PBXFileReference; lastKnownFileType = sourcecode.swift; path = "UIView+Extension.swift"; sourceTree = "<group>"; };
		2724F0ED2DD1042F008CD7DE /* UIImage+Extension.swift */ = {isa = PBXFileReference; lastKnownFileType = sourcecode.swift; path = "UIImage+Extension.swift"; sourceTree = "<group>"; };
		2724F0EE2DD1042F008CD7DE /* String+Extension.swift */ = {isa = PBXFileReference; lastKnownFileType = sourcecode.swift; path = "String+Extension.swift"; sourceTree = "<group>"; };
		2724F0F02DD1042F008CD7DE /* Utils.swift */ = {isa = PBXFileReference; lastKnownFileType = sourcecode.swift; path = Utils.swift; sourceTree = "<group>"; };
		6B2E313914D4610E3FE3AFE9 /* Pods_Cinematy.framework */ = {isa = PBXFileReference; explicitFileType = wrapper.framework; includeInIndex = 0; path = Pods_Cinematy.framework; sourceTree = BUILT_PRODUCTS_DIR; };
		A1A8B6F176E23FB0F3013FA3 /* Pods-Cinematy.release.xcconfig */ = {isa = PBXFileReference; includeInIndex = 1; lastKnownFileType = text.xcconfig; name = "Pods-Cinematy.release.xcconfig"; path = "Target Support Files/Pods-Cinematy/Pods-Cinematy.release.xcconfig"; sourceTree = "<group>"; };
		F11F4BC14619416EB0881A2B /* Pods-Cinematy.debug.xcconfig */ = {isa = PBXFileReference; includeInIndex = 1; lastKnownFileType = text.xcconfig; name = "Pods-Cinematy.debug.xcconfig"; path = "Target Support Files/Pods-Cinematy/Pods-Cinematy.debug.xcconfig"; sourceTree = "<group>"; };
/* End PBXFileReference section */

/* Begin PBXFrameworksBuildPhase section */
		2724F0972DD10172008CD7DE /* Frameworks */ = {
			isa = PBXFrameworksBuildPhase;
			buildActionMask = 2147483647;
			files = (
				7507D3D5D79B597066D1242E /* Pods_Cinematy.framework in Frameworks */,
			);
			runOnlyForDeploymentPostprocessing = 0;
		};
/* End PBXFrameworksBuildPhase section */

/* Begin PBXGroup section */
		2724F0912DD10172008CD7DE = {
			isa = PBXGroup;
			children = (
				2724F0BB2DD10187008CD7DE /* Cinematy */,
				2724F09B2DD10172008CD7DE /* Products */,
				77E51ABEB27B507FBDA7DBD6 /* Pods */,
				CBF6E6C4B908A53CD0CAE384 /* Frameworks */,
			);
			sourceTree = "<group>";
		};
		2724F09B2DD10172008CD7DE /* Products */ = {
			isa = PBXGroup;
			children = (
				2724F09A2DD10172008CD7DE /* Cinematy.app */,
			);
			name = Products;
			sourceTree = "<group>";
		};
		2724F0BB2DD10187008CD7DE /* Cinematy */ = {
			isa = PBXGroup;
			children = (
				2724F0C32DD10205008CD7DE /* ApplicationSupport */,
				2724F0CB2DD10387008CD7DE /* SplashScreen */,
				2724F0E12DD1042F008CD7DE /* Core */,
				2724F0F12DD1042F008CD7DE /* Utils */,
			);
			path = Cinematy;
			sourceTree = "<group>";
		};
		2724F0C32DD10205008CD7DE /* ApplicationSupport */ = {
			isa = PBXGroup;
			children = (
				2724F0B22DD10187008CD7DE /* AppDelegate.swift */,
				2724F0B42DD10187008CD7DE /* Info.plist */,
				2724F0B32DD10187008CD7DE /* Assets.xcassets */,
				2724F0B62DD10187008CD7DE /* LaunchScreen.storyboard */,
			);
			path = ApplicationSupport;
			sourceTree = "<group>";
		};
		2724F0C62DD10387008CD7DE /* ViewModel */ = {
			isa = PBXGroup;
			children = (
				2724F0C42DD10387008CD7DE /* SplashScreenViewModel.swift */,
				2724F0C52DD10387008CD7DE /* SplashViewModelContract.swift */,
			);
			path = ViewModel;
			sourceTree = "<group>";
		};
		2724F0C92DD10387008CD7DE /* Views */ = {
			isa = PBXGroup;
			children = (
				2724F0C72DD10387008CD7DE /* SplashViewController.swift */,
				2724F0C82DD10387008CD7DE /* SplashViewController.storyboard */,
			);
			path = Views;
			sourceTree = "<group>";
		};
		2724F0CA2DD10387008CD7DE /* Presentation */ = {
			isa = PBXGroup;
			children = (
				2724F0C62DD10387008CD7DE /* ViewModel */,
				2724F0C92DD10387008CD7DE /* Views */,
			);
			path = Presentation;
			sourceTree = "<group>";
		};
		2724F0CB2DD10387008CD7DE /* SplashScreen */ = {
			isa = PBXGroup;
			children = (
				2724F0CA2DD10387008CD7DE /* Presentation */,
			);
			path = SplashScreen;
			sourceTree = "<group>";
		};
		2724F0D12DD1042F008CD7DE /* LocalService */ = {
			isa = PBXGroup;
			children = (
				2724F0D02DD1042F008CD7DE /* LocalUserDefault.swift */,
			);
			path = LocalService;
			sourceTree = "<group>";
		};
		2724F0D42DD1042F008CD7DE /* Coordinator */ = {
			isa = PBXGroup;
			children = (
				2724F0D22DD1042F008CD7DE /* AppCoordinator.swift */,
				2724F0D32DD1042F008CD7DE /* CoordinatorProtocol.swift */,
			);
			path = Coordinator;
			sourceTree = "<group>";
		};
		2724F0D92DD1042F008CD7DE /* Contracts */ = {
			isa = PBXGroup;
			children = (
				2724F0D52DD1042F008CD7DE /* BaseViewModelContract.swift */,
				2724F0D62DD1042F008CD7DE /* PaginationContract.swift */,
				2724F0D72DD1042F008CD7DE /* BaseCellViewModelProtocol.swift */,
				2724F0D82DD1042F008CD7DE /* CellViewProtocol.swift */,
			);
			path = Contracts;
			sourceTree = "<group>";
		};
		2724F0DB2DD1042F008CD7DE /* BaseViewController */ = {
			isa = PBXGroup;
			children = (
				2724F0DA2DD1042F008CD7DE /* BaseViewController.swift */,
			);
			path = BaseViewController;
			sourceTree = "<group>";
		};
		2724F0E02DD1042F008CD7DE /* RemoteService */ = {
			isa = PBXGroup;
			children = (
				2724F0DD2DD1042F008CD7DE /* TargetType.swift */,
				2724F0DE2DD1042F008CD7DE /* BaseAPI.swift */,
				2724F0DF2DD1042F008CD7DE /* ApplicationNetworking.swift */,
			);
			path = RemoteService;
			sourceTree = "<group>";
		};
		2724F0E12DD1042F008CD7DE /* Core */ = {
			isa = PBXGroup;
			children = (
				2724F0D12DD1042F008CD7DE /* LocalService */,
				2724F0D42DD1042F008CD7DE /* Coordinator */,
				2724F0D92DD1042F008CD7DE /* Contracts */,
				2724F0DB2DD1042F008CD7DE /* BaseViewController */,
				2724F0DC2DD1042F008CD7DE /* Injector.swift */,
				2724F0E02DD1042F008CD7DE /* RemoteService */,
			);
			path = Core;
			sourceTree = "<group>";
		};
		2724F0E82DD1042F008CD7DE /* Localization */ = {
			isa = PBXGroup;
			children = (
				2724F0E62DD1042F008CD7DE /* Localizable.strings */,
				2724F0E72DD1042F008CD7DE /* Localize.swift */,
			);
			path = Localization;
			sourceTree = "<group>";
		};
		2724F0E92DD1042F008CD7DE /* Resources */ = {
			isa = PBXGroup;
			children = (
				2724F0E82DD1042F008CD7DE /* Localization */,
			);
			path = Resources;
			sourceTree = "<group>";
		};
		2724F0EF2DD1042F008CD7DE /* Extensions */ = {
			isa = PBXGroup;
			children = (
				2724F0EA2DD1042F008CD7DE /* Bundle+Extension.swift */,
				2724F0EB2DD1042F008CD7DE /* ViewController+Extension.swift */,
				2724F0EC2DD1042F008CD7DE /* UIView+Extension.swift */,
				2724F0ED2DD1042F008CD7DE /* UIImage+Extension.swift */,
				2724F0EE2DD1042F008CD7DE /* String+Extension.swift */,
			);
			path = Extensions;
			sourceTree = "<group>";
		};
		2724F0F12DD1042F008CD7DE /* Utils */ = {
			isa = PBXGroup;
			children = (
				2724F0E22DD1042F008CD7DE /* Constants.swift */,
				2724F0E32DD1042F008CD7DE /* Enums.swift */,
				2724F0E92DD1042F008CD7DE /* Resources */,
				2724F0EF2DD1042F008CD7DE /* Extensions */,
				2724F0F02DD1042F008CD7DE /* Utils.swift */,
			);
			path = Utils;
			sourceTree = "<group>";
		};
		77E51ABEB27B507FBDA7DBD6 /* Pods */ = {
			isa = PBXGroup;
			children = (
				F11F4BC14619416EB0881A2B /* Pods-Cinematy.debug.xcconfig */,
				A1A8B6F176E23FB0F3013FA3 /* Pods-Cinematy.release.xcconfig */,
			);
			path = Pods;
			sourceTree = "<group>";
		};
		CBF6E6C4B908A53CD0CAE384 /* Frameworks */ = {
			isa = PBXGroup;
			children = (
				6B2E313914D4610E3FE3AFE9 /* Pods_Cinematy.framework */,
			);
			name = Frameworks;
			sourceTree = "<group>";
		};
/* End PBXGroup section */

/* Begin PBXNativeTarget section */
		2724F0992DD10172008CD7DE /* Cinematy */ = {
			isa = PBXNativeTarget;
			buildConfigurationList = 2724F0AD2DD10173008CD7DE /* Build configuration list for PBXNativeTarget "Cinematy" */;
			buildPhases = (
				55964EFAC605AE77F133D8CE /* [CP] Check Pods Manifest.lock */,
				2724F0962DD10172008CD7DE /* Sources */,
				2724F0972DD10172008CD7DE /* Frameworks */,
				2724F0982DD10172008CD7DE /* Resources */,
				8A6D631537956C8259B5DEE0 /* [CP] Embed Pods Frameworks */,
			);
			buildRules = (
			);
			dependencies = (
			);
			name = Cinematy;
			productName = Cinematy;
			productReference = 2724F09A2DD10172008CD7DE /* Cinematy.app */;
			productType = "com.apple.product-type.application";
		};
/* End PBXNativeTarget section */

/* Begin PBXProject section */
		2724F0922DD10172008CD7DE /* Project object */ = {
			isa = PBXProject;
			attributes = {
				BuildIndependentTargetsInParallel = 1;
				LastSwiftUpdateCheck = 1600;
				LastUpgradeCheck = 1600;
				TargetAttributes = {
					2724F0992DD10172008CD7DE = {
						CreatedOnToolsVersion = 16.0;
					};
				};
			};
			buildConfigurationList = 2724F0952DD10172008CD7DE /* Build configuration list for PBXProject "Cinematy" */;
			developmentRegion = en;
			hasScannedForEncodings = 0;
			knownRegions = (
				en,
				Base,
				ar,
			);
			mainGroup = 2724F0912DD10172008CD7DE;
			minimizedProjectReferenceProxies = 1;
			preferredProjectObjectVersion = 77;
			productRefGroup = 2724F09B2DD10172008CD7DE /* Products */;
			projectDirPath = "";
			projectRoot = "";
			targets = (
				2724F0992DD10172008CD7DE /* Cinematy */,
			);
		};
/* End PBXProject section */

/* Begin PBXResourcesBuildPhase section */
		2724F0982DD10172008CD7DE /* Resources */ = {
			isa = PBXResourcesBuildPhase;
			buildActionMask = 2147483647;
			files = (
				2724F0BC2DD10187008CD7DE /* Assets.xcassets in Resources */,
				2724F0F22DD1042F008CD7DE /* Localizable.strings in Resources */,
				2724F0CC2DD10387008CD7DE /* SplashViewController.storyboard in Resources */,
				2724F0BE2DD10187008CD7DE /* LaunchScreen.storyboard in Resources */,
			);
			runOnlyForDeploymentPostprocessing = 0;
		};
/* End PBXResourcesBuildPhase section */

/* Begin PBXShellScriptBuildPhase section */
		55964EFAC605AE77F133D8CE /* [CP] Check Pods Manifest.lock */ = {
			isa = PBXShellScriptBuildPhase;
			buildActionMask = 2147483647;
			files = (
			);
			inputFileListPaths = (
			);
			inputPaths = (
				"${PODS_PODFILE_DIR_PATH}/Podfile.lock",
				"${PODS_ROOT}/Manifest.lock",
			);
			name = "[CP] Check Pods Manifest.lock";
			outputFileListPaths = (
			);
			outputPaths = (
				"$(DERIVED_FILE_DIR)/Pods-Cinematy-checkManifestLockResult.txt",
			);
			runOnlyForDeploymentPostprocessing = 0;
			shellPath = /bin/sh;
			shellScript = "diff \"${PODS_PODFILE_DIR_PATH}/Podfile.lock\" \"${PODS_ROOT}/Manifest.lock\" > /dev/null\nif [ $? != 0 ] ; then\n    # print error to STDERR\n    echo \"error: The sandbox is not in sync with the Podfile.lock. Run 'pod install' or update your CocoaPods installation.\" >&2\n    exit 1\nfi\n# This output is used by Xcode 'outputs' to avoid re-running this script phase.\necho \"SUCCESS\" > \"${SCRIPT_OUTPUT_FILE_0}\"\n";
			showEnvVarsInLog = 0;
		};
		8A6D631537956C8259B5DEE0 /* [CP] Embed Pods Frameworks */ = {
			isa = PBXShellScriptBuildPhase;
			buildActionMask = 2147483647;
			files = (
			);
			inputFileListPaths = (
				"${PODS_ROOT}/Target Support Files/Pods-Cinematy/Pods-Cinematy-frameworks-${CONFIGURATION}-input-files.xcfilelist",
			);
			name = "[CP] Embed Pods Frameworks";
			outputFileListPaths = (
				"${PODS_ROOT}/Target Support Files/Pods-Cinematy/Pods-Cinematy-frameworks-${CONFIGURATION}-output-files.xcfilelist",
			);
			runOnlyForDeploymentPostprocessing = 0;
			shellPath = /bin/sh;
			shellScript = "\"${PODS_ROOT}/Target Support Files/Pods-Cinematy/Pods-Cinematy-frameworks.sh\"\n";
			showEnvVarsInLog = 0;
		};
/* End PBXShellScriptBuildPhase section */

/* Begin PBXSourcesBuildPhase section */
		2724F0962DD10172008CD7DE /* Sources */ = {
			isa = PBXSourcesBuildPhase;
			buildActionMask = 2147483647;
			files = (
				2724F0C02DD10187008CD7DE /* AppDelegate.swift in Sources */,
				2724F0F32DD1042F008CD7DE /* PaginationContract.swift in Sources */,
				2724F0F42DD1042F008CD7DE /* ViewController+Extension.swift in Sources */,
				2724F0F52DD1042F008CD7DE /* UIView+Extension.swift in Sources */,
				2724F0F62DD1042F008CD7DE /* BaseViewController.swift in Sources */,
				2724F0F72DD1042F008CD7DE /* Bundle+Extension.swift in Sources */,
				2724F0F82DD1042F008CD7DE /* CoordinatorProtocol.swift in Sources */,
				2724F0F92DD1042F008CD7DE /* BaseViewModelContract.swift in Sources */,
				2724F0FA2DD1042F008CD7DE /* BaseAPI.swift in Sources */,
				2724F0FB2DD1042F008CD7DE /* String+Extension.swift in Sources */,
				2724F0FC2DD1042F008CD7DE /* ApplicationNetworking.swift in Sources */,
				2724F0FD2DD1042F008CD7DE /* Localize.swift in Sources */,
				2724F0FE2DD1042F008CD7DE /* CellViewProtocol.swift in Sources */,
				2724F0FF2DD1042F008CD7DE /* AppCoordinator.swift in Sources */,
				2724F1002DD1042F008CD7DE /* Utils.swift in Sources */,
				2724F1012DD1042F008CD7DE /* TargetType.swift in Sources */,
				2724F1022DD1042F008CD7DE /* Enums.swift in Sources */,
				2724F1032DD1042F008CD7DE /* Constants.swift in Sources */,
				2724F1042DD1042F008CD7DE /* UIImage+Extension.swift in Sources */,
				2724F1052DD1042F008CD7DE /* BaseCellViewModelProtocol.swift in Sources */,
				2724F1062DD1042F008CD7DE /* Injector.swift in Sources */,
				2724F1072DD1042F008CD7DE /* LocalUserDefault.swift in Sources */,
				2724F0CD2DD10387008CD7DE /* SplashViewModelContract.swift in Sources */,
				2724F0CE2DD10387008CD7DE /* SplashScreenViewModel.swift in Sources */,
				2724F0CF2DD10387008CD7DE /* SplashViewController.swift in Sources */,
			);
			runOnlyForDeploymentPostprocessing = 0;
		};
/* End PBXSourcesBuildPhase section */

/* Begin PBXVariantGroup section */
		2724F0B62DD10187008CD7DE /* LaunchScreen.storyboard */ = {
			isa = PBXVariantGroup;
			children = (
				2724F0B52DD10187008CD7DE /* Base */,
			);
			name = LaunchScreen.storyboard;
			sourceTree = "<group>";
		};
		2724F0E62DD1042F008CD7DE /* Localizable.strings */ = {
			isa = PBXVariantGroup;
			children = (
				2724F0E42DD1042F008CD7DE /* Localizable.strings */,
				2724F0E52DD1042F008CD7DE /* Localizable.strings */,
			);
			name = Localizable.strings;
			sourceTree = "<group>";
		};
/* End PBXVariantGroup section */

/* Begin XCBuildConfiguration section */
		2724F0AE2DD10173008CD7DE /* Debug */ = {
			isa = XCBuildConfiguration;
			baseConfigurationReference = F11F4BC14619416EB0881A2B /* Pods-Cinematy.debug.xcconfig */;
			buildSettings = {
				ASSETCATALOG_COMPILER_APPICON_NAME = AppIcon;
				ASSETCATALOG_COMPILER_GLOBAL_ACCENT_COLOR_NAME = AccentColor;
				CODE_SIGN_STYLE = Automatic;
				CURRENT_PROJECT_VERSION = 1;
				ENABLE_USER_SCRIPT_SANDBOXING = NO;
				GENERATE_INFOPLIST_FILE = YES;
				INFOPLIST_FILE = Cinematy/ApplicationSupport/Info.plist;
				INFOPLIST_KEY_UIApplicationSupportsIndirectInputEvents = YES;
				INFOPLIST_KEY_UILaunchStoryboardName = "";
				INFOPLIST_KEY_UIMainStoryboardFile = "";
				INFOPLIST_KEY_UISupportedInterfaceOrientations_iPad = "UIInterfaceOrientationPortrait UIInterfaceOrientationPortraitUpsideDown UIInterfaceOrientationLandscapeLeft UIInterfaceOrientationLandscapeRight";
				INFOPLIST_KEY_UISupportedInterfaceOrientations_iPhone = "UIInterfaceOrientationPortrait UIInterfaceOrientationLandscapeLeft UIInterfaceOrientationLandscapeRight";
				IPHONEOS_DEPLOYMENT_TARGET = 14.0;
				LD_RUNPATH_SEARCH_PATHS = (
					"$(inherited)",
					"@executable_path/Frameworks",
				);
				MARKETING_VERSION = 1.0;
				PRODUCT_BUNDLE_IDENTIFIER = joe.Cinematy;
				PRODUCT_NAME = "$(TARGET_NAME)";
				SUPPORTED_PLATFORMS = "iphoneos iphonesimulator";
				SUPPORTS_MACCATALYST = NO;
				SUPPORTS_XR_DESIGNED_FOR_IPHONE_IPAD = NO;
				SWIFT_EMIT_LOC_STRINGS = YES;
				SWIFT_VERSION = 5.0;
				TARGETED_DEVICE_FAMILY = "1,2";
				TMDBKey = "Bearer eyJhbGciOiJIUzI1NiJ9.eyJhdWQiOiJlY2EzYjhhNDQ5ZmIwMzBhMDhmOWZkNDVlYWVhM2MzNCIsIm5iZiI6MS43NDY4MTc0MTU4NzAwMDAxZSs5LCJzdWIiOiI2ODFlNTE4N2Y5ZWY1YzIxMDIzNDhkZjIiLCJzY29wZXMiOlsiYXBpX3JlYWQiXSwidmVyc2lvbiI6MX0.1UcEB2PxdYDZcTC45F4HULzV01PPk7lB1os7RlHwds0";
			};
			name = Debug;
		};
		2724F0AF2DD10173008CD7DE /* Release */ = {
			isa = XCBuildConfiguration;
			baseConfigurationReference = A1A8B6F176E23FB0F3013FA3 /* Pods-Cinematy.release.xcconfig */;
			buildSettings = {
				ASSETCATALOG_COMPILER_APPICON_NAME = AppIcon;
				ASSETCATALOG_COMPILER_GLOBAL_ACCENT_COLOR_NAME = AccentColor;
				CODE_SIGN_STYLE = Automatic;
				CURRENT_PROJECT_VERSION = 1;
				ENABLE_USER_SCRIPT_SANDBOXING = NO;
				GENERATE_INFOPLIST_FILE = YES;
				INFOPLIST_FILE = Cinematy/ApplicationSupport/Info.plist;
				INFOPLIST_KEY_UIApplicationSupportsIndirectInputEvents = YES;
				INFOPLIST_KEY_UILaunchStoryboardName = "";
				INFOPLIST_KEY_UIMainStoryboardFile = "";
				INFOPLIST_KEY_UISupportedInterfaceOrientations_iPad = "UIInterfaceOrientationPortrait UIInterfaceOrientationPortraitUpsideDown UIInterfaceOrientationLandscapeLeft UIInterfaceOrientationLandscapeRight";
				INFOPLIST_KEY_UISupportedInterfaceOrientations_iPhone = "UIInterfaceOrientationPortrait UIInterfaceOrientationLandscapeLeft UIInterfaceOrientationLandscapeRight";
				IPHONEOS_DEPLOYMENT_TARGET = 14.0;
				LD_RUNPATH_SEARCH_PATHS = (
					"$(inherited)",
					"@executable_path/Frameworks",
				);
				MARKETING_VERSION = 1.0;
				PRODUCT_BUNDLE_IDENTIFIER = joe.Cinematy;
				PRODUCT_NAME = "$(TARGET_NAME)";
				SUPPORTED_PLATFORMS = "iphoneos iphonesimulator";
				SUPPORTS_MACCATALYST = NO;
				SUPPORTS_XR_DESIGNED_FOR_IPHONE_IPAD = NO;
				SWIFT_EMIT_LOC_STRINGS = YES;
				SWIFT_VERSION = 5.0;
				TARGETED_DEVICE_FAMILY = "1,2";
				TMDBKey = "Bearer eyJhbGciOiJIUzI1NiJ9.eyJhdWQiOiJlY2EzYjhhNDQ5ZmIwMzBhMDhmOWZkNDVlYWVhM2MzNCIsIm5iZiI6MS43NDY4MTc0MTU4NzAwMDAxZSs5LCJzdWIiOiI2ODFlNTE4N2Y5ZWY1YzIxMDIzNDhkZjIiLCJzY29wZXMiOlsiYXBpX3JlYWQiXSwidmVyc2lvbiI6MX0.1UcEB2PxdYDZcTC45F4HULzV01PPk7lB1os7RlHwds0";
			};
			name = Release;
		};
		2724F0B02DD10173008CD7DE /* Debug */ = {
			isa = XCBuildConfiguration;
			buildSettings = {
				ALWAYS_SEARCH_USER_PATHS = NO;
				ASSETCATALOG_COMPILER_GENERATE_SWIFT_ASSET_SYMBOL_EXTENSIONS = YES;
				CLANG_ANALYZER_NONNULL = YES;
				CLANG_ANALYZER_NUMBER_OBJECT_CONVERSION = YES_AGGRESSIVE;
				CLANG_CXX_LANGUAGE_STANDARD = "gnu++20";
				CLANG_ENABLE_MODULES = YES;
				CLANG_ENABLE_OBJC_ARC = YES;
				CLANG_ENABLE_OBJC_WEAK = YES;
				CLANG_WARN_BLOCK_CAPTURE_AUTORELEASING = YES;
				CLANG_WARN_BOOL_CONVERSION = YES;
				CLANG_WARN_COMMA = YES;
				CLANG_WARN_CONSTANT_CONVERSION = YES;
				CLANG_WARN_DEPRECATED_OBJC_IMPLEMENTATIONS = YES;
				CLANG_WARN_DIRECT_OBJC_ISA_USAGE = YES_ERROR;
				CLANG_WARN_DOCUMENTATION_COMMENTS = YES;
				CLANG_WARN_EMPTY_BODY = YES;
				CLANG_WARN_ENUM_CONVERSION = YES;
				CLANG_WARN_INFINITE_RECURSION = YES;
				CLANG_WARN_INT_CONVERSION = YES;
				CLANG_WARN_NON_LITERAL_NULL_CONVERSION = YES;
				CLANG_WARN_OBJC_IMPLICIT_RETAIN_SELF = YES;
				CLANG_WARN_OBJC_LITERAL_CONVERSION = YES;
				CLANG_WARN_OBJC_ROOT_CLASS = YES_ERROR;
				CLANG_WARN_QUOTED_INCLUDE_IN_FRAMEWORK_HEADER = YES;
				CLANG_WARN_RANGE_LOOP_ANALYSIS = YES;
				CLANG_WARN_STRICT_PROTOTYPES = YES;
				CLANG_WARN_SUSPICIOUS_MOVE = YES;
				CLANG_WARN_UNGUARDED_AVAILABILITY = YES_AGGRESSIVE;
				CLANG_WARN_UNREACHABLE_CODE = YES;
				CLANG_WARN__DUPLICATE_METHOD_MATCH = YES;
				COPY_PHASE_STRIP = NO;
				DEBUG_INFORMATION_FORMAT = dwarf;
				ENABLE_STRICT_OBJC_MSGSEND = YES;
				ENABLE_TESTABILITY = YES;
				ENABLE_USER_SCRIPT_SANDBOXING = YES;
				GCC_C_LANGUAGE_STANDARD = gnu17;
				GCC_DYNAMIC_NO_PIC = NO;
				GCC_NO_COMMON_BLOCKS = YES;
				GCC_OPTIMIZATION_LEVEL = 0;
				GCC_PREPROCESSOR_DEFINITIONS = (
					"DEBUG=1",
					"$(inherited)",
				);
				GCC_WARN_64_TO_32_BIT_CONVERSION = YES;
				GCC_WARN_ABOUT_RETURN_TYPE = YES_ERROR;
				GCC_WARN_UNDECLARED_SELECTOR = YES;
				GCC_WARN_UNINITIALIZED_AUTOS = YES_AGGRESSIVE;
				GCC_WARN_UNUSED_FUNCTION = YES;
				GCC_WARN_UNUSED_VARIABLE = YES;
				IPHONEOS_DEPLOYMENT_TARGET = 18.0;
				LOCALIZATION_PREFERS_STRING_CATALOGS = YES;
				MTL_ENABLE_DEBUG_INFO = INCLUDE_SOURCE;
				MTL_FAST_MATH = YES;
				ONLY_ACTIVE_ARCH = YES;
				SDKROOT = iphoneos;
				SWIFT_ACTIVE_COMPILATION_CONDITIONS = "DEBUG $(inherited)";
				SWIFT_OPTIMIZATION_LEVEL = "-Onone";
			};
			name = Debug;
		};
		2724F0B12DD10173008CD7DE /* Release */ = {
			isa = XCBuildConfiguration;
			buildSettings = {
				ALWAYS_SEARCH_USER_PATHS = NO;
				ASSETCATALOG_COMPILER_GENERATE_SWIFT_ASSET_SYMBOL_EXTENSIONS = YES;
				CLANG_ANALYZER_NONNULL = YES;
				CLANG_ANALYZER_NUMBER_OBJECT_CONVERSION = YES_AGGRESSIVE;
				CLANG_CXX_LANGUAGE_STANDARD = "gnu++20";
				CLANG_ENABLE_MODULES = YES;
				CLANG_ENABLE_OBJC_ARC = YES;
				CLANG_ENABLE_OBJC_WEAK = YES;
				CLANG_WARN_BLOCK_CAPTURE_AUTORELEASING = YES;
				CLANG_WARN_BOOL_CONVERSION = YES;
				CLANG_WARN_COMMA = YES;
				CLANG_WARN_CONSTANT_CONVERSION = YES;
				CLANG_WARN_DEPRECATED_OBJC_IMPLEMENTATIONS = YES;
				CLANG_WARN_DIRECT_OBJC_ISA_USAGE = YES_ERROR;
				CLANG_WARN_DOCUMENTATION_COMMENTS = YES;
				CLANG_WARN_EMPTY_BODY = YES;
				CLANG_WARN_ENUM_CONVERSION = YES;
				CLANG_WARN_INFINITE_RECURSION = YES;
				CLANG_WARN_INT_CONVERSION = YES;
				CLANG_WARN_NON_LITERAL_NULL_CONVERSION = YES;
				CLANG_WARN_OBJC_IMPLICIT_RETAIN_SELF = YES;
				CLANG_WARN_OBJC_LITERAL_CONVERSION = YES;
				CLANG_WARN_OBJC_ROOT_CLASS = YES_ERROR;
				CLANG_WARN_QUOTED_INCLUDE_IN_FRAMEWORK_HEADER = YES;
				CLANG_WARN_RANGE_LOOP_ANALYSIS = YES;
				CLANG_WARN_STRICT_PROTOTYPES = YES;
				CLANG_WARN_SUSPICIOUS_MOVE = YES;
				CLANG_WARN_UNGUARDED_AVAILABILITY = YES_AGGRESSIVE;
				CLANG_WARN_UNREACHABLE_CODE = YES;
				CLANG_WARN__DUPLICATE_METHOD_MATCH = YES;
				COPY_PHASE_STRIP = NO;
				DEBUG_INFORMATION_FORMAT = "dwarf-with-dsym";
				ENABLE_NS_ASSERTIONS = NO;
				ENABLE_STRICT_OBJC_MSGSEND = YES;
				ENABLE_USER_SCRIPT_SANDBOXING = YES;
				GCC_C_LANGUAGE_STANDARD = gnu17;
				GCC_NO_COMMON_BLOCKS = YES;
				GCC_WARN_64_TO_32_BIT_CONVERSION = YES;
				GCC_WARN_ABOUT_RETURN_TYPE = YES_ERROR;
				GCC_WARN_UNDECLARED_SELECTOR = YES;
				GCC_WARN_UNINITIALIZED_AUTOS = YES_AGGRESSIVE;
				GCC_WARN_UNUSED_FUNCTION = YES;
				GCC_WARN_UNUSED_VARIABLE = YES;
				IPHONEOS_DEPLOYMENT_TARGET = 18.0;
				LOCALIZATION_PREFERS_STRING_CATALOGS = YES;
				MTL_ENABLE_DEBUG_INFO = NO;
				MTL_FAST_MATH = YES;
				SDKROOT = iphoneos;
				SWIFT_COMPILATION_MODE = wholemodule;
				VALIDATE_PRODUCT = YES;
			};
			name = Release;
		};
/* End XCBuildConfiguration section */

/* Begin XCConfigurationList section */
		2724F0952DD10172008CD7DE /* Build configuration list for PBXProject "Cinematy" */ = {
			isa = XCConfigurationList;
			buildConfigurations = (
				2724F0B02DD10173008CD7DE /* Debug */,
				2724F0B12DD10173008CD7DE /* Release */,
			);
			defaultConfigurationIsVisible = 0;
			defaultConfigurationName = Release;
		};
		2724F0AD2DD10173008CD7DE /* Build configuration list for PBXNativeTarget "Cinematy" */ = {
			isa = XCConfigurationList;
			buildConfigurations = (
				2724F0AE2DD10173008CD7DE /* Debug */,
				2724F0AF2DD10173008CD7DE /* Release */,
			);
			defaultConfigurationIsVisible = 0;
			defaultConfigurationName = Release;
		};
/* End XCConfigurationList section */
	};
	rootObject = 2724F0922DD10172008CD7DE /* Project object */;
}
