PODS:
  - Alamofire (5.10.2)
  - Differentiator (5.0.0)
  - RxCocoa (6.9.0):
    - RxRelay (= 6.9.0)
    - RxSwift (= 6.9.0)
  - RxDataSources (5.0.0):
    - Differentiator (~> 5.0)
    - RxCocoa (~> 6.0)
    - RxSwift (~> 6.0)
  - RxRelay (6.9.0):
    - RxSwift (= 6.9.0)
  - RxSwift (6.9.0)
  - SDWebImage (5.21.0):
    - SDWebImage/Core (= 5.21.0)
  - SDWebImage/Core (5.21.0)

DEPENDENCIES:
  - Alamofire
  - RxCocoa
  - RxDataSources
  - RxSwift
  - SDWebImage

SPEC REPOS:
  trunk:
    - Alamofire
    - Differentiator
    - RxCocoa
    - RxDataSources
    - RxRelay
    - RxSwift
    - SDWebImage

SPEC CHECKSUMS:
  Alamofire: 7193b3b92c74a07f85569e1a6c4f4237291e7496
  Differentiator: e8497ceab83c1b10ca233716d547b9af21b9344d
  RxCocoa: ac16414696ae706516be3e1ab00fcce5bdc9be8a
  RxDataSources: aa47cc1ed6c500fa0dfecac5c979b723542d79cf
  RxRelay: 6b0c930e5cef57d5fe2032571e5e65b78e3cbdb1
  RxSwift: 31649ace6aceeb422e16ff71c60804f9c3281ed9
  SDWebImage: f84b0feeb08d2d11e6a9b843cb06d75ebf5b8868

PODFILE CHECKSUM: 61b765e5a05e9fdd5c1e181fbb8edbdc6454d606

COCOAPODS: 1.16.2
